<Solution>
    <Folder Name="/1. Domain/">
        <Project Path="Nimbus.Domain/Nimbus.Domain.csproj" />
    </Folder>
    <Folder Name="/2. Application/">
        <Project Path="Nimbus.Application/Nimbus.Application.csproj" />
        <Project Path="Nimbus.Contracts/Nimbus.Contracts.csproj" />
    </Folder>
    <Folder Name="/3. Infrstructure/">
        <Project Path="Nimbus.Infrastructure/Nimbus.Infrastructure.csproj" />
        <Project Path="Nimbus.Logging/Nimbus.Logging.csproj" />
        <Project Path="Nimbus.Mailing/Nimbus.Mailing.csproj" />
        <Project Path="Nimbus.Observability/Nimbus.Observability.csproj" />
    </Folder>
    <Folder Name="/3. Presentation/">
        <Project Path="Nimbus.API/Nimbus.API.csproj" />
    </Folder>
    <Folder Name="/4. Tests/">
        <Project Path="Nimbus.Api.Tests/Nimbus.Api.Tests.csproj" />
        <Project Path="Nimbus.Application.Tests/Nimbus.Application.Tests.csproj" />
        <Project Path="Nimbus.Domain.Tests/Nimbus.Domain.Tests.csproj" />
        <Project Path="Nimbus.Infrastructure.Tests/Nimbus.Infrastructure.Tests.csproj" />
        <Project Path="Nimbus.Mailing.Tests/Nimbus.Mailing.Tests.csproj" />
    </Folder>
</Solution>
